
Microsoft Visual Studio Solution File, Format Version 12.00
# Visual Studio Version 17
VisualStudioVersion = 17.0.31903.59
MinimumVisualStudioVersion = 10.0.40219.1
Project("{2150E333-8FDC-42A3-9474-1A3956D46DE8}") = "src", "src", "{C9BF390F-A00D-45ED-9443-312F6868850A}"
EndProject
Project("{FAE04EC0-301F-11D3-BF4B-00C04F79EFBC}") = "Entry", "src\Entry\Entry.csproj", "{55F8F383-5B03-4E62-AE08-A1D43A35B587}"
EndProject
Project("{2150E333-8FDC-42A3-9474-1A3956D46DE8}") = "Util", "Util", "{AABA7BDC-FBFA-4FE3-9A95-E079C71B6D98}"
EndProject
Project("{FAE04EC0-301F-11D3-BF4B-00C04F79EFBC}") = "Util.Serilog", "src\Util\Util.Serilog\Util.Serilog.csproj", "{22A8AE9E-1131-4AED-A480-539B089A9AF9}"
EndProject
Project("{FAE04EC0-301F-11D3-BF4B-00C04F79EFBC}") = "Util.SnowFlakeId", "src\Util\Util.SnowFlakeId\Util.SnowFlakeId.csproj", "{29AC86F5-70D0-40A6-9136-1AB1BFB42FF9}"
EndProject
Project("{FAE04EC0-301F-11D3-BF4B-00C04F79EFBC}") = "Util.SQLite", "src\Util\Util.SQLite\Util.SQLite.csproj", "{8741C40D-51D5-4DE2-8D06-FD69DF136668}"
EndProject
Project("{2150E333-8FDC-42A3-9474-1A3956D46DE8}") = "Main", "Main", "{EF110EB9-6328-4C74-9575-161FDA9F2F2D}"
EndProject
Project("{FAE04EC0-301F-11D3-BF4B-00C04F79EFBC}") = "ATCommon", "src\Main\ATCommon\ATCommon.csproj", "{4BE0AFCA-5F8F-4EDA-8711-9EC5300CBC85}"
EndProject
Global
	GlobalSection(SolutionConfigurationPlatforms) = preSolution
		Debug|Any CPU = Debug|Any CPU
		Release|Any CPU = Release|Any CPU
	EndGlobalSection
	GlobalSection(SolutionProperties) = preSolution
		HideSolutionNode = FALSE
	EndGlobalSection
	GlobalSection(ProjectConfigurationPlatforms) = postSolution
		{55F8F383-5B03-4E62-AE08-A1D43A35B587}.Debug|Any CPU.ActiveCfg = Debug|Any CPU
		{55F8F383-5B03-4E62-AE08-A1D43A35B587}.Debug|Any CPU.Build.0 = Debug|Any CPU
		{55F8F383-5B03-4E62-AE08-A1D43A35B587}.Release|Any CPU.ActiveCfg = Release|Any CPU
		{55F8F383-5B03-4E62-AE08-A1D43A35B587}.Release|Any CPU.Build.0 = Release|Any CPU
		{22A8AE9E-1131-4AED-A480-539B089A9AF9}.Debug|Any CPU.ActiveCfg = Debug|Any CPU
		{22A8AE9E-1131-4AED-A480-539B089A9AF9}.Debug|Any CPU.Build.0 = Debug|Any CPU
		{22A8AE9E-1131-4AED-A480-539B089A9AF9}.Release|Any CPU.ActiveCfg = Release|Any CPU
		{22A8AE9E-1131-4AED-A480-539B089A9AF9}.Release|Any CPU.Build.0 = Release|Any CPU
		{29AC86F5-70D0-40A6-9136-1AB1BFB42FF9}.Debug|Any CPU.ActiveCfg = Debug|Any CPU
		{29AC86F5-70D0-40A6-9136-1AB1BFB42FF9}.Debug|Any CPU.Build.0 = Debug|Any CPU
		{29AC86F5-70D0-40A6-9136-1AB1BFB42FF9}.Release|Any CPU.ActiveCfg = Release|Any CPU
		{29AC86F5-70D0-40A6-9136-1AB1BFB42FF9}.Release|Any CPU.Build.0 = Release|Any CPU
		{8741C40D-51D5-4DE2-8D06-FD69DF136668}.Debug|Any CPU.ActiveCfg = Debug|Any CPU
		{8741C40D-51D5-4DE2-8D06-FD69DF136668}.Debug|Any CPU.Build.0 = Debug|Any CPU
		{8741C40D-51D5-4DE2-8D06-FD69DF136668}.Release|Any CPU.ActiveCfg = Release|Any CPU
		{8741C40D-51D5-4DE2-8D06-FD69DF136668}.Release|Any CPU.Build.0 = Release|Any CPU
		{4BE0AFCA-5F8F-4EDA-8711-9EC5300CBC85}.Debug|Any CPU.ActiveCfg = Debug|Any CPU
		{4BE0AFCA-5F8F-4EDA-8711-9EC5300CBC85}.Debug|Any CPU.Build.0 = Debug|Any CPU
		{4BE0AFCA-5F8F-4EDA-8711-9EC5300CBC85}.Release|Any CPU.ActiveCfg = Release|Any CPU
		{4BE0AFCA-5F8F-4EDA-8711-9EC5300CBC85}.Release|Any CPU.Build.0 = Release|Any CPU
	EndGlobalSection
	GlobalSection(NestedProjects) = preSolution
		{55F8F383-5B03-4E62-AE08-A1D43A35B587} = {C9BF390F-A00D-45ED-9443-312F6868850A}
		{AABA7BDC-FBFA-4FE3-9A95-E079C71B6D98} = {C9BF390F-A00D-45ED-9443-312F6868850A}
		{22A8AE9E-1131-4AED-A480-539B089A9AF9} = {AABA7BDC-FBFA-4FE3-9A95-E079C71B6D98}
		{29AC86F5-70D0-40A6-9136-1AB1BFB42FF9} = {AABA7BDC-FBFA-4FE3-9A95-E079C71B6D98}
		{8741C40D-51D5-4DE2-8D06-FD69DF136668} = {AABA7BDC-FBFA-4FE3-9A95-E079C71B6D98}
		{EF110EB9-6328-4C74-9575-161FDA9F2F2D} = {C9BF390F-A00D-45ED-9443-312F6868850A}
		{4BE0AFCA-5F8F-4EDA-8711-9EC5300CBC85} = {EF110EB9-6328-4C74-9575-161FDA9F2F2D}
	EndGlobalSection
EndGlobal
