
Microsoft Visual Studio Solution File, Format Version 12.00
# Visual Studio Version 17
VisualStudioVersion = 17.0.31903.59
MinimumVisualStudioVersion = 10.0.40219.1
Project("{2150E333-8FDC-42A3-9474-1A3956D46DE8}") = "src", "src", "{C9BF390F-A00D-45ED-9443-312F6868850A}"
EndProject
Project("{FAE04EC0-301F-11D3-BF4B-00C04F79EFBC}") = "Entry", "src\Entry\Entry.csproj", "{55F8F383-5B03-4E62-AE08-A1D43A35B587}"
EndProject
Project("{2150E333-8FDC-42A3-9474-1A3956D46DE8}") = "Main", "Main", "{EF110EB9-6328-4C74-9575-161FDA9F2F2D}"
EndProject
Project("{FAE04EC0-301F-11D3-BF4B-00C04F79EFBC}") = "ATCommon", "src\Main\ATCommon\ATCommon.csproj", "{4BE0AFCA-5F8F-4EDA-8711-9EC5300CBC85}"
EndProject
Project("{2150E333-8FDC-42A3-9474-1A3956D46DE8}") = "Job", "Job", "{05BEA541-FF48-466D-AD29-6E364E686DB6}"
EndProject
Project("{FAE04EC0-301F-11D3-BF4B-00C04F79EFBC}") = "AT_Job_0003", "src\Main\Job\AT_Job_0003\AT_Job_0003.csproj", "{C46D4C53-D460-4691-8339-49A89F7C0F33}"
EndProject
Project("{FAE04EC0-301F-11D3-BF4B-00C04F79EFBC}") = "AT_Job_0002", "src\Main\Job\AT_Job_0002\AT_Job_0002.csproj", "{8D02CC92-5815-433A-90C4-336C6EF1A85F}"
EndProject
Project("{FAE04EC0-301F-11D3-BF4B-00C04F79EFBC}") = "AT_Job_0001", "src\Main\Job\AT_Job_0001\AT_Job_0001.csproj", "{51717F1B-870D-4E2C-9E42-1C3DD80D236E}"
EndProject
Project("{FAE04EC0-301F-11D3-BF4B-00C04F79EFBC}") = "AT_RefAll", "src\Main\AT_RefAll\AT_RefAll.csproj", "{9EE76CAB-91BD-46BF-9FBF-4ADB4EB01D3D}"
EndProject
Project("{2150E333-8FDC-42A3-9474-1A3956D46DE8}") = "Util", "Util", "{D25BB4DA-0E48-4EEF-BFFD-EFD510346776}"
EndProject
Project("{FAE04EC0-301F-11D3-BF4B-00C04F79EFBC}") = "Util_Quartz", "src\Util\Util_Quartz\Util_Quartz.csproj", "{1568E1AF-5F7D-4D94-86F2-DA862C9C1541}"
EndProject
Project("{FAE04EC0-301F-11D3-BF4B-00C04F79EFBC}") = "Util_Serilog", "src\Util\Util_Serilog\Util_Serilog.csproj", "{A2A2B7B4-2130-4B36-B4DD-8B76742F178A}"
EndProject
Project("{FAE04EC0-301F-11D3-BF4B-00C04F79EFBC}") = "Util_SnowFlakeId", "src\Util\Util_SnowFlakeId\Util_SnowFlakeId.csproj", "{F0943311-6AE9-479D-9929-8CAFF7DB767D}"
EndProject
Project("{FAE04EC0-301F-11D3-BF4B-00C04F79EFBC}") = "Util_SQLite", "src\Util\Util_SQLite\Util_SQLite.csproj", "{BA92FE59-9EFE-416A-A008-ABD2B64BB5AE}"
EndProject
Project("{2150E333-8FDC-42A3-9474-1A3956D46DE8}") = "Api", "Api", "{B8FE2073-F9CE-4F62-98BF-67FDDE84EC87}"
EndProject
Project("{FAE04EC0-301F-11D3-BF4B-00C04F79EFBC}") = "AT_Api_0001", "src\Main\Api\AT_Api_0001\AT_Api_0001.csproj", "{E482B819-F7D7-424D-96EB-2B4A193CB213}"
EndProject
Project("{FAE04EC0-301F-11D3-BF4B-00C04F79EFBC}") = "AT_Api_0002", "src\Main\Api\AT_Api_0002\AT_Api_0002.csproj", "{F26E4880-5AA1-4441-8E17-9CCA392EBB42}"
EndProject
Project("{FAE04EC0-301F-11D3-BF4B-00C04F79EFBC}") = "AT_Api_0003", "src\Main\Api\AT_Api_0003\AT_Api_0003.csproj", "{FE9A2595-856D-42E4-8A55-CCE8670E344D}"
EndProject
Project("{FAE04EC0-301F-11D3-BF4B-00C04F79EFBC}") = "AT_Api_0004", "src\Main\Api\AT_Api_0004\AT_Api_0004.csproj", "{ED59BBC9-26D0-43C4-B364-427EDF1A2670}"
EndProject
Project("{FAE04EC0-301F-11D3-BF4B-00C04F79EFBC}") = "AT_Api_0005", "src\Main\Api\AT_Api_0005\AT_Api_0005.csproj", "{BFA5F640-A589-4DAA-BF2D-8B1336622E77}"
EndProject
Global
	GlobalSection(SolutionConfigurationPlatforms) = preSolution
		Debug|Any CPU = Debug|Any CPU
		Release|Any CPU = Release|Any CPU
	EndGlobalSection
	GlobalSection(SolutionProperties) = preSolution
		HideSolutionNode = FALSE
	EndGlobalSection
	GlobalSection(ProjectConfigurationPlatforms) = postSolution
		{55F8F383-5B03-4E62-AE08-A1D43A35B587}.Debug|Any CPU.ActiveCfg = Debug|Any CPU
		{55F8F383-5B03-4E62-AE08-A1D43A35B587}.Debug|Any CPU.Build.0 = Debug|Any CPU
		{55F8F383-5B03-4E62-AE08-A1D43A35B587}.Release|Any CPU.ActiveCfg = Release|Any CPU
		{55F8F383-5B03-4E62-AE08-A1D43A35B587}.Release|Any CPU.Build.0 = Release|Any CPU
		{4BE0AFCA-5F8F-4EDA-8711-9EC5300CBC85}.Debug|Any CPU.ActiveCfg = Debug|Any CPU
		{4BE0AFCA-5F8F-4EDA-8711-9EC5300CBC85}.Debug|Any CPU.Build.0 = Debug|Any CPU
		{4BE0AFCA-5F8F-4EDA-8711-9EC5300CBC85}.Release|Any CPU.ActiveCfg = Release|Any CPU
		{4BE0AFCA-5F8F-4EDA-8711-9EC5300CBC85}.Release|Any CPU.Build.0 = Release|Any CPU
		{C46D4C53-D460-4691-8339-49A89F7C0F33}.Debug|Any CPU.ActiveCfg = Debug|Any CPU
		{C46D4C53-D460-4691-8339-49A89F7C0F33}.Debug|Any CPU.Build.0 = Debug|Any CPU
		{C46D4C53-D460-4691-8339-49A89F7C0F33}.Release|Any CPU.ActiveCfg = Release|Any CPU
		{C46D4C53-D460-4691-8339-49A89F7C0F33}.Release|Any CPU.Build.0 = Release|Any CPU
		{8D02CC92-5815-433A-90C4-336C6EF1A85F}.Debug|Any CPU.ActiveCfg = Debug|Any CPU
		{8D02CC92-5815-433A-90C4-336C6EF1A85F}.Debug|Any CPU.Build.0 = Debug|Any CPU
		{8D02CC92-5815-433A-90C4-336C6EF1A85F}.Release|Any CPU.ActiveCfg = Release|Any CPU
		{8D02CC92-5815-433A-90C4-336C6EF1A85F}.Release|Any CPU.Build.0 = Release|Any CPU
		{51717F1B-870D-4E2C-9E42-1C3DD80D236E}.Debug|Any CPU.ActiveCfg = Debug|Any CPU
		{51717F1B-870D-4E2C-9E42-1C3DD80D236E}.Debug|Any CPU.Build.0 = Debug|Any CPU
		{51717F1B-870D-4E2C-9E42-1C3DD80D236E}.Release|Any CPU.ActiveCfg = Release|Any CPU
		{51717F1B-870D-4E2C-9E42-1C3DD80D236E}.Release|Any CPU.Build.0 = Release|Any CPU
		{9EE76CAB-91BD-46BF-9FBF-4ADB4EB01D3D}.Debug|Any CPU.ActiveCfg = Debug|Any CPU
		{9EE76CAB-91BD-46BF-9FBF-4ADB4EB01D3D}.Debug|Any CPU.Build.0 = Debug|Any CPU
		{9EE76CAB-91BD-46BF-9FBF-4ADB4EB01D3D}.Release|Any CPU.ActiveCfg = Release|Any CPU
		{9EE76CAB-91BD-46BF-9FBF-4ADB4EB01D3D}.Release|Any CPU.Build.0 = Release|Any CPU
		{1568E1AF-5F7D-4D94-86F2-DA862C9C1541}.Debug|Any CPU.ActiveCfg = Debug|Any CPU
		{1568E1AF-5F7D-4D94-86F2-DA862C9C1541}.Debug|Any CPU.Build.0 = Debug|Any CPU
		{1568E1AF-5F7D-4D94-86F2-DA862C9C1541}.Release|Any CPU.ActiveCfg = Release|Any CPU
		{1568E1AF-5F7D-4D94-86F2-DA862C9C1541}.Release|Any CPU.Build.0 = Release|Any CPU
		{A2A2B7B4-2130-4B36-B4DD-8B76742F178A}.Debug|Any CPU.ActiveCfg = Debug|Any CPU
		{A2A2B7B4-2130-4B36-B4DD-8B76742F178A}.Debug|Any CPU.Build.0 = Debug|Any CPU
		{A2A2B7B4-2130-4B36-B4DD-8B76742F178A}.Release|Any CPU.ActiveCfg = Release|Any CPU
		{A2A2B7B4-2130-4B36-B4DD-8B76742F178A}.Release|Any CPU.Build.0 = Release|Any CPU
		{F0943311-6AE9-479D-9929-8CAFF7DB767D}.Debug|Any CPU.ActiveCfg = Debug|Any CPU
		{F0943311-6AE9-479D-9929-8CAFF7DB767D}.Debug|Any CPU.Build.0 = Debug|Any CPU
		{F0943311-6AE9-479D-9929-8CAFF7DB767D}.Release|Any CPU.ActiveCfg = Release|Any CPU
		{F0943311-6AE9-479D-9929-8CAFF7DB767D}.Release|Any CPU.Build.0 = Release|Any CPU
		{BA92FE59-9EFE-416A-A008-ABD2B64BB5AE}.Debug|Any CPU.ActiveCfg = Debug|Any CPU
		{BA92FE59-9EFE-416A-A008-ABD2B64BB5AE}.Debug|Any CPU.Build.0 = Debug|Any CPU
		{BA92FE59-9EFE-416A-A008-ABD2B64BB5AE}.Release|Any CPU.ActiveCfg = Release|Any CPU
		{BA92FE59-9EFE-416A-A008-ABD2B64BB5AE}.Release|Any CPU.Build.0 = Release|Any CPU
		{E482B819-F7D7-424D-96EB-2B4A193CB213}.Debug|Any CPU.ActiveCfg = Debug|Any CPU
		{E482B819-F7D7-424D-96EB-2B4A193CB213}.Debug|Any CPU.Build.0 = Debug|Any CPU
		{E482B819-F7D7-424D-96EB-2B4A193CB213}.Release|Any CPU.ActiveCfg = Release|Any CPU
		{E482B819-F7D7-424D-96EB-2B4A193CB213}.Release|Any CPU.Build.0 = Release|Any CPU
		{F26E4880-5AA1-4441-8E17-9CCA392EBB42}.Debug|Any CPU.ActiveCfg = Debug|Any CPU
		{F26E4880-5AA1-4441-8E17-9CCA392EBB42}.Debug|Any CPU.Build.0 = Debug|Any CPU
		{F26E4880-5AA1-4441-8E17-9CCA392EBB42}.Release|Any CPU.ActiveCfg = Release|Any CPU
		{F26E4880-5AA1-4441-8E17-9CCA392EBB42}.Release|Any CPU.Build.0 = Release|Any CPU
		{FE9A2595-856D-42E4-8A55-CCE8670E344D}.Debug|Any CPU.ActiveCfg = Debug|Any CPU
		{FE9A2595-856D-42E4-8A55-CCE8670E344D}.Debug|Any CPU.Build.0 = Debug|Any CPU
		{FE9A2595-856D-42E4-8A55-CCE8670E344D}.Release|Any CPU.ActiveCfg = Release|Any CPU
		{FE9A2595-856D-42E4-8A55-CCE8670E344D}.Release|Any CPU.Build.0 = Release|Any CPU
		{ED59BBC9-26D0-43C4-B364-427EDF1A2670}.Debug|Any CPU.ActiveCfg = Debug|Any CPU
		{ED59BBC9-26D0-43C4-B364-427EDF1A2670}.Debug|Any CPU.Build.0 = Debug|Any CPU
		{ED59BBC9-26D0-43C4-B364-427EDF1A2670}.Release|Any CPU.ActiveCfg = Release|Any CPU
		{ED59BBC9-26D0-43C4-B364-427EDF1A2670}.Release|Any CPU.Build.0 = Release|Any CPU
		{BFA5F640-A589-4DAA-BF2D-8B1336622E77}.Debug|Any CPU.ActiveCfg = Debug|Any CPU
		{BFA5F640-A589-4DAA-BF2D-8B1336622E77}.Debug|Any CPU.Build.0 = Debug|Any CPU
		{BFA5F640-A589-4DAA-BF2D-8B1336622E77}.Release|Any CPU.ActiveCfg = Release|Any CPU
		{BFA5F640-A589-4DAA-BF2D-8B1336622E77}.Release|Any CPU.Build.0 = Release|Any CPU
	EndGlobalSection
	GlobalSection(NestedProjects) = preSolution
		{55F8F383-5B03-4E62-AE08-A1D43A35B587} = {C9BF390F-A00D-45ED-9443-312F6868850A}
		{EF110EB9-6328-4C74-9575-161FDA9F2F2D} = {C9BF390F-A00D-45ED-9443-312F6868850A}
		{4BE0AFCA-5F8F-4EDA-8711-9EC5300CBC85} = {EF110EB9-6328-4C74-9575-161FDA9F2F2D}
		{05BEA541-FF48-466D-AD29-6E364E686DB6} = {EF110EB9-6328-4C74-9575-161FDA9F2F2D}
		{C46D4C53-D460-4691-8339-49A89F7C0F33} = {05BEA541-FF48-466D-AD29-6E364E686DB6}
		{8D02CC92-5815-433A-90C4-336C6EF1A85F} = {05BEA541-FF48-466D-AD29-6E364E686DB6}
		{51717F1B-870D-4E2C-9E42-1C3DD80D236E} = {05BEA541-FF48-466D-AD29-6E364E686DB6}
		{9EE76CAB-91BD-46BF-9FBF-4ADB4EB01D3D} = {EF110EB9-6328-4C74-9575-161FDA9F2F2D}
		{D25BB4DA-0E48-4EEF-BFFD-EFD510346776} = {C9BF390F-A00D-45ED-9443-312F6868850A}
		{1568E1AF-5F7D-4D94-86F2-DA862C9C1541} = {D25BB4DA-0E48-4EEF-BFFD-EFD510346776}
		{A2A2B7B4-2130-4B36-B4DD-8B76742F178A} = {D25BB4DA-0E48-4EEF-BFFD-EFD510346776}
		{F0943311-6AE9-479D-9929-8CAFF7DB767D} = {D25BB4DA-0E48-4EEF-BFFD-EFD510346776}
		{BA92FE59-9EFE-416A-A008-ABD2B64BB5AE} = {D25BB4DA-0E48-4EEF-BFFD-EFD510346776}
		{B8FE2073-F9CE-4F62-98BF-67FDDE84EC87} = {EF110EB9-6328-4C74-9575-161FDA9F2F2D}
		{E482B819-F7D7-424D-96EB-2B4A193CB213} = {B8FE2073-F9CE-4F62-98BF-67FDDE84EC87}
		{F26E4880-5AA1-4441-8E17-9CCA392EBB42} = {B8FE2073-F9CE-4F62-98BF-67FDDE84EC87}
		{FE9A2595-856D-42E4-8A55-CCE8670E344D} = {B8FE2073-F9CE-4F62-98BF-67FDDE84EC87}
		{ED59BBC9-26D0-43C4-B364-427EDF1A2670} = {B8FE2073-F9CE-4F62-98BF-67FDDE84EC87}
		{BFA5F640-A589-4DAA-BF2D-8B1336622E77} = {B8FE2073-F9CE-4F62-98BF-67FDDE84EC87}
	EndGlobalSection
EndGlobal
